
Microsoft Visual Studio Solution File, Format Version 12.00
# Visual Studio Version 17
VisualStudioVersion = 17.3.32825.248
MinimumVisualStudioVersion = 10.0.40219.1
Project("{9A19103F-16F7-4668-BE54-9A1E7A4F7556}") = "PokemonApi", "PokemonApi\PokemonApi.csproj", "{2DC658D8-C80B-437C-BC7F-A9D35314257F}"
EndProject
Project("{9A19103F-16F7-4668-BE54-9A1E7A4F7556}") = "Models", "Models\Models.csproj", "{C4805DEA-B00F-42F6-9736-123892A19333}"
EndProject
Project("{9A19103F-16F7-4668-BE54-9A1E7A4F7556}") = "ModelDB", "ModelDB\ModelDB.csproj", "{EC441CFE-6087-4491-8598-41DE24897302}"
EndProject
Project("{9A19103F-16F7-4668-BE54-9A1E7A4F7556}") = "Data", "Data\Data.csproj", "{FEA228E9-39B9-4651-8EF7-05329E5F0299}"
EndProject
Project("{9A19103F-16F7-4668-BE54-9A1E7A4F7556}") = "DTOS", "DTO\DTOS.csproj", "{B0777B39-E9B2-4324-801C-AB07B4E103EA}"
EndProject
Global
	GlobalSection(SolutionConfigurationPlatforms) = preSolution
		Debug|Any CPU = Debug|Any CPU
		Release|Any CPU = Release|Any CPU
	EndGlobalSection
	GlobalSection(ProjectConfigurationPlatforms) = postSolution
		{2DC658D8-C80B-437C-BC7F-A9D35314257F}.Debug|Any CPU.ActiveCfg = Debug|Any CPU
		{2DC658D8-C80B-437C-BC7F-A9D35314257F}.Debug|Any CPU.Build.0 = Debug|Any CPU
		{2DC658D8-C80B-437C-BC7F-A9D35314257F}.Release|Any CPU.ActiveCfg = Release|Any CPU
		{2DC658D8-C80B-437C-BC7F-A9D35314257F}.Release|Any CPU.Build.0 = Release|Any CPU
		{C4805DEA-B00F-42F6-9736-123892A19333}.Debug|Any CPU.ActiveCfg = Debug|Any CPU
		{C4805DEA-B00F-42F6-9736-123892A19333}.Debug|Any CPU.Build.0 = Debug|Any CPU
		{C4805DEA-B00F-42F6-9736-123892A19333}.Release|Any CPU.ActiveCfg = Release|Any CPU
		{C4805DEA-B00F-42F6-9736-123892A19333}.Release|Any CPU.Build.0 = Release|Any CPU
		{EC441CFE-6087-4491-8598-41DE24897302}.Debug|Any CPU.ActiveCfg = Debug|Any CPU
		{EC441CFE-6087-4491-8598-41DE24897302}.Debug|Any CPU.Build.0 = Debug|Any CPU
		{EC441CFE-6087-4491-8598-41DE24897302}.Release|Any CPU.ActiveCfg = Release|Any CPU
		{EC441CFE-6087-4491-8598-41DE24897302}.Release|Any CPU.Build.0 = Release|Any CPU
		{FEA228E9-39B9-4651-8EF7-05329E5F0299}.Debug|Any CPU.ActiveCfg = Debug|Any CPU
		{FEA228E9-39B9-4651-8EF7-05329E5F0299}.Debug|Any CPU.Build.0 = Debug|Any CPU
		{FEA228E9-39B9-4651-8EF7-05329E5F0299}.Release|Any CPU.ActiveCfg = Release|Any CPU
		{FEA228E9-39B9-4651-8EF7-05329E5F0299}.Release|Any CPU.Build.0 = Release|Any CPU
		{B0777B39-E9B2-4324-801C-AB07B4E103EA}.Debug|Any CPU.ActiveCfg = Debug|Any CPU
		{B0777B39-E9B2-4324-801C-AB07B4E103EA}.Debug|Any CPU.Build.0 = Debug|Any CPU
		{B0777B39-E9B2-4324-801C-AB07B4E103EA}.Release|Any CPU.ActiveCfg = Release|Any CPU
		{B0777B39-E9B2-4324-801C-AB07B4E103EA}.Release|Any CPU.Build.0 = Release|Any CPU
	EndGlobalSection
	GlobalSection(SolutionProperties) = preSolution
		HideSolutionNode = FALSE
	EndGlobalSection
	GlobalSection(ExtensibilityGlobals) = postSolution
		SolutionGuid = {B2E91317-0C24-44B7-9E4E-365BB8F6EC49}
	EndGlobalSection
EndGlobal
